
Microsoft Visual Studio Solution File, Format Version 10.00
# Visual Studio 2008
Project("{FAE04EC0-301F-11D3-BF4B-00C04F79EFBC}") = "TestConsole", "TestConsole\TestConsole.csproj", "{5C8702A6-4000-47E7-B7EA-5CEDF3C1B668}"
EndProject
Project("{FAE04EC0-301F-11D3-BF4B-00C04F79EFBC}") = "TestConsoleWeb", "TestConsoleWeb\TestConsoleWeb.csproj", "{C8E1EA85-CCB6-4C40-B15C-97C5B1DA40CC}"
EndProject
Global
	GlobalSection(SolutionConfigurationPlatforms) = preSolution
		Debug|Any CPU = Debug|Any CPU
		Release|Any CPU = Release|Any CPU
	EndGlobalSection
	GlobalSection(ProjectConfigurationPlatforms) = postSolution
		{5C8702A6-4000-47E7-B7EA-5CEDF3C1B668}.Debug|Any CPU.ActiveCfg = Debug|Any CPU
		{5C8702A6-4000-47E7-B7EA-5CEDF3C1B668}.Debug|Any CPU.Build.0 = Debug|Any CPU
		{5C8702A6-4000-47E7-B7EA-5CEDF3C1B668}.Release|Any CPU.ActiveCfg = Release|Any CPU
		{5C8702A6-4000-47E7-B7EA-5CEDF3C1B668}.Release|Any CPU.Build.0 = Release|Any CPU
		{C8E1EA85-CCB6-4C40-B15C-97C5B1DA40CC}.Debug|Any CPU.ActiveCfg = Debug|Any CPU
		{C8E1EA85-CCB6-4C40-B15C-97C5B1DA40CC}.Debug|Any CPU.Build.0 = Debug|Any CPU
		{C8E1EA85-CCB6-4C40-B15C-97C5B1DA40CC}.Release|Any CPU.ActiveCfg = Release|Any CPU
		{C8E1EA85-CCB6-4C40-B15C-97C5B1DA40CC}.Release|Any CPU.Build.0 = Release|Any CPU
	EndGlobalSection
	GlobalSection(SolutionProperties) = preSolution
		HideSolutionNode = FALSE
	EndGlobalSection
EndGlobal
